
Microsoft Visual Studio Solution File, Format Version 12.00
# Visual Studio Version 17
VisualStudioVersion = 17.6.33815.320
MinimumVisualStudioVersion = 10.0.40219.1
Project("{FAE04EC0-301F-11D3-BF4B-00C04F79EFBC}") = "RestaurentManagement", "RestaurentManagement.csproj", "{181DB48F-93CF-4C8B-9AEC-4CAAF3BE6A9C}"
EndProject
Global
	GlobalSection(SolutionConfigurationPlatforms) = preSolution
		Debug|Any CPU = Debug|Any CPU
		Release|Any CPU = Release|Any CPU
	EndGlobalSection
	GlobalSection(ProjectConfigurationPlatforms) = postSolution
		{181DB48F-93CF-4C8B-9AEC-4CAAF3BE6A9C}.Debug|Any CPU.ActiveCfg = Debug|Any CPU
		{181DB48F-93CF-4C8B-9AEC-4CAAF3BE6A9C}.Debug|Any CPU.Build.0 = Debug|Any CPU
		{181DB48F-93CF-4C8B-9AEC-4CAAF3BE6A9C}.Release|Any CPU.ActiveCfg = Release|Any CPU
		{181DB48F-93CF-4C8B-9AEC-4CAAF3BE6A9C}.Release|Any CPU.Build.0 = Release|Any CPU
	EndGlobalSection
	GlobalSection(SolutionProperties) = preSolution
		HideSolutionNode = FALSE
	EndGlobalSection
	GlobalSection(ExtensibilityGlobals) = postSolution
		SolutionGuid = {FC41BE4A-BB8F-4866-A2A8-934FB33BD158}
	EndGlobalSection
EndGlobal
